<?xml version="1.0" encoding="utf-8"?>
<Project ToolsVersion="4.0" xmlns="http://schemas.microsoft.com/developer/msbuild/2003">
  <ItemGroup>
    <Filter Include="Source Files">
      <UniqueIdentifier>{4FC737F1-C7A5-4376-A066-2A32D752A2FF}</UniqueIdentifier>
      <Extensions>cpp;c;cc;cxx;c++;cppm;ixx;def;odl;idl;hpj;bat;asm;asmx</Extensions>
    </Filter>
    <Filter Include="Header Files">
      <UniqueIdentifier>{93995380-89BD-4b04-88EB-625FBE52EBFB}</UniqueIdentifier>
      <Extensions>h;hh;hpp;hxx;h++;hm;inl;inc;ipp;xsd</Extensions>
    </Filter>
    <Filter Include="Resource Files">
      <UniqueIdentifier>{67DA6AB6-F800-4c08-8B7A-83BB121AAD01}</UniqueIdentifier>
      <Extensions>rc;ico;cur;bmp;dlg;rc2;rct;bin;rgs;gif;jpg;jpeg;jpe;resx;tiff;tif;png;wav;mfcribbon-ms</Extensions>
    </Filter>
  </ItemGroup>
  <ItemGroup>
    <ClInclude Include="enzo-tech-device-login.h">
      <Filter>Header Files</Filter>
    </ClInclude>
    <ClInclude Include="enzo-tech-device-loginDlg.h">
      <Filter>Header Files</Filter>
    </ClInclude>
    <ClInclude Include="framework.h">
      <Filter>Header Files</Filter>
    </ClInclude>
    <ClInclude Include="targetver.h">
      <Filter>Header Files</Filter>
    </ClInclude>
    <ClInclude Include="Resource.h">
      <Filter>Header Files</Filter>
    </ClInclude>
    <ClInclude Include="pch.h">
      <Filter>Header Files</Filter>
    </ClInclude>
    <ClInclude Include="Communicator.h">
      <Filter>Header Files</Filter>
    </ClInclude>
    <ClInclude Include="Uuid.h">
      <Filter>Header Files</Filter>
    </ClInclude>
    <ClInclude Include="utils.h">
      <Filter>Header Files</Filter>
    </ClInclude>
    <ClInclude Include="CCustomClock.h">
      <Filter>Header Files</Filter>
    </ClInclude>
    <ClInclude Include="CTaskProgressDlg.h">
      <Filter>Header Files</Filter>
    </ClInclude>
    <ClInclude Include="Settings.h">
      <Filter>Header Files</Filter>
    </ClInclude>
    <ClInclude Include="CScalableBitmapStatic.h">
      <Filter>Header Files</Filter>
    </ClInclude>
    <ClInclude Include="MessageBoxCustomizer.h">
      <Filter>Header Files</Filter>
    </ClInclude>
    <ClInclude Include="CLogoButton.h">
      <Filter>Header Files</Filter>
    </ClInclude>
    <ClInclude Include="CLoginDialog.h">
      <Filter>Header Files</Filter>
    </ClInclude>
    <ClInclude Include="CCustomEdit.h">
      <Filter>Header Files</Filter>
    </ClInclude>
  </ItemGroup>
  <ItemGroup>
    <ClCompile Include="enzo-tech-device-login.cpp">
      <Filter>Source Files</Filter>
    </ClCompile>
    <ClCompile Include="enzo-tech-device-loginDlg.cpp">
      <Filter>Source Files</Filter>
    </ClCompile>
    <ClCompile Include="pch.cpp">
      <Filter>Source Files</Filter>
    </ClCompile>
    <ClCompile Include="Communicator.cpp">
      <Filter>Source Files</Filter>
    </ClCompile>
    <ClCompile Include="Uuid.cpp">
      <Filter>Source Files</Filter>
    </ClCompile>
    <ClCompile Include="utils.cpp">
      <Filter>Source Files</Filter>
    </ClCompile>
    <ClCompile Include="CCustomClock.cpp">
      <Filter>Source Files</Filter>
    </ClCompile>
    <ClCompile Include="CTaskProgressDlg.cpp">
      <Filter>Source Files</Filter>
    </ClCompile>
    <ClCompile Include="CScalableBitmapStatic.cpp">
      <Filter>Source Files</Filter>
    </ClCompile>
    <ClCompile Include="MessageBoxCustomizer.cpp">
      <Filter>Source Files</Filter>
    </ClCompile>
    <ClCompile Include="CLogoButton.cpp">
      <Filter>Source Files</Filter>
    </ClCompile>
    <ClCompile Include="CLoginDialog.cpp">
      <Filter>Source Files</Filter>
    </ClCompile>
    <ClCompile Include="CCustomEdit.cpp">
      <Filter>Source Files</Filter>
    </ClCompile>
  </ItemGroup>
  <ItemGroup>
    <ResourceCompile Include="enzotechdevicelogin.rc">
      <Filter>Resource Files</Filter>
    </ResourceCompile>
  </ItemGroup>
  <ItemGroup>
    <None Include="res\enzotechdevicelogin.rc2">
      <Filter>Resource Files</Filter>
    </None>
    <None Include=".clang-format" />
    <None Include="settings.ini" />
  </ItemGroup>
  <ItemGroup>
    <Image Include="res\enzo-tech-device-login.ico">
      <Filter>Resource Files</Filter>
    </Image>
    <Image Include="res\Logo.png">
      <Filter>Resource Files</Filter>
    </Image>
    <Image Include="res\android-icon-72x72.bmp">
      <Filter>Resource Files</Filter>
    </Image>
    <Image Include="res\bitmap2.bmp">
      <Filter>Resource Files</Filter>
    </Image>
    <Image Include="res\microsoft.bmp">
      <Filter>Resource Files</Filter>
    </Image>
    <Image Include="res\google.bmp">
      <Filter>Resource Files</Filter>
    </Image>
    <Image Include="res\icon1.ico">
      <Filter>Resource Files</Filter>
    </Image>
    <Image Include="res\TimeKeeping.ico">
      <Filter>Resource Files</Filter>
    </Image>
  </ItemGroup>
</Project>